// !$*UTF8*$!
{
	archiveVersion = 1;
	classes = {
	};
	objectVersion = 46;
	objects = {

/* Begin PBXBuildFile section */
		E745700914C3D6EB00E7AEE1 /* publicKey.pem in Resources */ = {isa = PBXBuildFile; fileRef = E745700814C3D6EB00E7AEE1 /* publicKey.pem */; };
		E745700C14C3D6FB00E7AEE1 /* privateKey.pem in Resources */ = {isa = PBXBuildFile; fileRef = E745700B14C3D6FB00E7AEE1 /* privateKey.pem */; };
		F497D06F14C3D42B00EC6EE5 /* UIKit.framework in Frameworks */ = {isa = PBXBuildFile; fileRef = F497D06E14C3D42B00EC6EE5 /* UIKit.framework */; };
		F497D07114C3D42B00EC6EE5 /* Foundation.framework in Frameworks */ = {isa = PBXBuildFile; fileRef = F497D07014C3D42B00EC6EE5 /* Foundation.framework */; };
		F497D07314C3D42B00EC6EE5 /* CoreGraphics.framework in Frameworks */ = {isa = PBXBuildFile; fileRef = F497D07214C3D42B00EC6EE5 /* CoreGraphics.framework */; };
		F497D07914C3D42B00EC6EE5 /* InfoPlist.strings in Resources */ = {isa = PBXBuildFile; fileRef = F497D07714C3D42B00EC6EE5 /* InfoPlist.strings */; };
		F497D07B14C3D42B00EC6EE5 /* main.m in Sources */ = {isa = PBXBuildFile; fileRef = F497D07A14C3D42B00EC6EE5 /* main.m */; };
		F497D07F14C3D42B00EC6EE5 /* AppDelegate.m in Sources */ = {isa = PBXBuildFile; fileRef = F497D07E14C3D42B00EC6EE5 /* AppDelegate.m */; };
		F497D09214C3D44700EC6EE5 /* Crypto.m in Sources */ = {isa = PBXBuildFile; fileRef = F497D08614C3D44700EC6EE5 /* Crypto.m */; };
		F497D09314C3D44700EC6EE5 /* Exception.m in Sources */ = {isa = PBXBuildFile; fileRef = F497D08814C3D44700EC6EE5 /* Exception.m */; };
		F497D09414C3D44700EC6EE5 /* Global.m in Sources */ = {isa = PBXBuildFile; fileRef = F497D08A14C3D44700EC6EE5 /* Global.m */; };
		F497D09514C3D44700EC6EE5 /* NSData+Base64.m in Sources */ = {isa = PBXBuildFile; fileRef = F497D08C14C3D44700EC6EE5 /* NSData+Base64.m */; };
		F497D09714C3D44700EC6EE5 /* View.xib in Resources */ = {isa = PBXBuildFile; fileRef = F497D08F14C3D44700EC6EE5 /* View.xib */; };
		F497D09814C3D44700EC6EE5 /* ViewController.m in Sources */ = {isa = PBXBuildFile; fileRef = F497D09114C3D44700EC6EE5 /* ViewController.m */; };
		F497D0C114C3D48C00EC6EE5 /* Security.framework in Frameworks */ = {isa = PBXBuildFile; fileRef = F497D0C014C3D48C00EC6EE5 /* Security.framework */; };
/* End PBXBuildFile section */

/* Begin PBXFileReference section */
		E745700814C3D6EB00E7AEE1 /* publicKey.pem */ = {isa = PBXFileReference; fileEncoding = 4; lastKnownFileType = text; path = publicKey.pem; sourceTree = "<group>"; };
		E745700B14C3D6FB00E7AEE1 /* privateKey.pem */ = {isa = PBXFileReference; fileEncoding = 4; lastKnownFileType = text; path = privateKey.pem; sourceTree = "<group>"; };
		F497D06A14C3D42B00EC6EE5 /* CertificateKeyAndTrust.app */ = {isa = PBXFileReference; explicitFileType = wrapper.application; includeInIndex = 0; path = CertificateKeyAndTrust.app; sourceTree = BUILT_PRODUCTS_DIR; };
		F497D06E14C3D42B00EC6EE5 /* UIKit.framework */ = {isa = PBXFileReference; lastKnownFileType = wrapper.framework; name = UIKit.framework; path = System/Library/Frameworks/UIKit.framework; sourceTree = SDKROOT; };
		F497D07014C3D42B00EC6EE5 /* Foundation.framework */ = {isa = PBXFileReference; lastKnownFileType = wrapper.framework; name = Foundation.framework; path = System/Library/Frameworks/Foundation.framework; sourceTree = SDKROOT; };
		F497D07214C3D42B00EC6EE5 /* CoreGraphics.framework */ = {isa = PBXFileReference; lastKnownFileType = wrapper.framework; name = CoreGraphics.framework; path = System/Library/Frameworks/CoreGraphics.framework; sourceTree = SDKROOT; };
		F497D07614C3D42B00EC6EE5 /* CertificateKeyAndTrust-Info.plist */ = {isa = PBXFileReference; lastKnownFileType = text.plist.xml; path = "CertificateKeyAndTrust-Info.plist"; sourceTree = "<group>"; };
		F497D07814C3D42B00EC6EE5 /* en */ = {isa = PBXFileReference; lastKnownFileType = text.plist.strings; name = en; path = en.lproj/InfoPlist.strings; sourceTree = "<group>"; };
		F497D07A14C3D42B00EC6EE5 /* main.m */ = {isa = PBXFileReference; lastKnownFileType = sourcecode.c.objc; path = main.m; sourceTree = "<group>"; };
		F497D07C14C3D42B00EC6EE5 /* CertificateKeyAndTrust-Prefix.pch */ = {isa = PBXFileReference; lastKnownFileType = sourcecode.c.h; path = "CertificateKeyAndTrust-Prefix.pch"; sourceTree = "<group>"; };
		F497D07D14C3D42B00EC6EE5 /* AppDelegate.h */ = {isa = PBXFileReference; lastKnownFileType = sourcecode.c.h; path = AppDelegate.h; sourceTree = "<group>"; };
		F497D07E14C3D42B00EC6EE5 /* AppDelegate.m */ = {isa = PBXFileReference; lastKnownFileType = sourcecode.c.objc; path = AppDelegate.m; sourceTree = "<group>"; };
		F497D08514C3D44700EC6EE5 /* Crypto.h */ = {isa = PBXFileReference; fileEncoding = 4; lastKnownFileType = sourcecode.c.h; path = Crypto.h; sourceTree = "<group>"; };
		F497D08614C3D44700EC6EE5 /* Crypto.m */ = {isa = PBXFileReference; fileEncoding = 4; lastKnownFileType = sourcecode.c.objc; path = Crypto.m; sourceTree = "<group>"; };
		F497D08714C3D44700EC6EE5 /* Exception.h */ = {isa = PBXFileReference; fileEncoding = 4; lastKnownFileType = sourcecode.c.h; path = Exception.h; sourceTree = "<group>"; };
		F497D08814C3D44700EC6EE5 /* Exception.m */ = {isa = PBXFileReference; fileEncoding = 4; lastKnownFileType = sourcecode.c.objc; path = Exception.m; sourceTree = "<group>"; };
		F497D08914C3D44700EC6EE5 /* Global.h */ = {isa = PBXFileReference; fileEncoding = 4; lastKnownFileType = sourcecode.c.h; path = Global.h; sourceTree = "<group>"; };
		F497D08A14C3D44700EC6EE5 /* Global.m */ = {isa = PBXFileReference; fileEncoding = 4; lastKnownFileType = sourcecode.c.objc; path = Global.m; sourceTree = "<group>"; };
		F497D08B14C3D44700EC6EE5 /* NSData+Base64.h */ = {isa = PBXFileReference; fileEncoding = 4; lastKnownFileType = sourcecode.c.h; path = "NSData+Base64.h"; sourceTree = "<group>"; };
		F497D08C14C3D44700EC6EE5 /* NSData+Base64.m */ = {isa = PBXFileReference; fileEncoding = 4; lastKnownFileType = sourcecode.c.objc; path = "NSData+Base64.m"; sourceTree = "<group>"; };
		F497D08F14C3D44700EC6EE5 /* View.xib */ = {isa = PBXFileReference; fileEncoding = 4; lastKnownFileType = file.xib; path = View.xib; sourceTree = "<group>"; };
		F497D09014C3D44700EC6EE5 /* ViewController.h */ = {isa = PBXFileReference; fileEncoding = 4; lastKnownFileType = sourcecode.c.h; path = ViewController.h; sourceTree = "<group>"; };
		F497D09114C3D44700EC6EE5 /* ViewController.m */ = {isa = PBXFileReference; fileEncoding = 4; lastKnownFileType = sourcecode.c.objc; path = ViewController.m; sourceTree = "<group>"; };
		F497D0C014C3D48C00EC6EE5 /* Security.framework */ = {isa = PBXFileReference; lastKnownFileType = wrapper.framework; name = Security.framework; path = System/Library/Frameworks/Security.framework; sourceTree = SDKROOT; };
/* End PBXFileReference section */

/* Begin PBXFrameworksBuildPhase section */
		F497D06714C3D42B00EC6EE5 /* Frameworks */ = {
			isa = PBXFrameworksBuildPhase;
			buildActionMask = 2147483647;
			files = (
				F497D0C114C3D48C00EC6EE5 /* Security.framework in Frameworks */,
				F497D06F14C3D42B00EC6EE5 /* UIKit.framework in Frameworks */,
				F497D07114C3D42B00EC6EE5 /* Foundation.framework in Frameworks */,
				F497D07314C3D42B00EC6EE5 /* CoreGraphics.framework in Frameworks */,
			);
			runOnlyForDeploymentPostprocessing = 0;
		};
/* End PBXFrameworksBuildPhase section */

/* Begin PBXGroup section */
		F497D05F14C3D42B00EC6EE5 = {
			isa = PBXGroup;
			children = (
				F497D07414C3D42B00EC6EE5 /* CertificateKeyAndTrust */,
				F497D06D14C3D42B00EC6EE5 /* Frameworks */,
				F497D06B14C3D42B00EC6EE5 /* Products */,
			);
			sourceTree = "<group>";
		};
		F497D06B14C3D42B00EC6EE5 /* Products */ = {
			isa = PBXGroup;
			children = (
				F497D06A14C3D42B00EC6EE5 /* CertificateKeyAndTrust.app */,
			);
			name = Products;
			sourceTree = "<group>";
		};
		F497D06D14C3D42B00EC6EE5 /* Frameworks */ = {
			isa = PBXGroup;
			children = (
				F497D06E14C3D42B00EC6EE5 /* UIKit.framework */,
				F497D07014C3D42B00EC6EE5 /* Foundation.framework */,
				F497D07214C3D42B00EC6EE5 /* CoreGraphics.framework */,
				F497D0C014C3D48C00EC6EE5 /* Security.framework */,
			);
			name = Frameworks;
			sourceTree = "<group>";
		};
		F497D07414C3D42B00EC6EE5 /* CertificateKeyAndTrust */ = {
			isa = PBXGroup;
			children = (
				F497D07D14C3D42B00EC6EE5 /* AppDelegate.h */,
				F497D07E14C3D42B00EC6EE5 /* AppDelegate.m */,
				F497D08514C3D44700EC6EE5 /* Crypto.h */,
				F497D08614C3D44700EC6EE5 /* Crypto.m */,
				F497D08714C3D44700EC6EE5 /* Exception.h */,
				F497D08814C3D44700EC6EE5 /* Exception.m */,
				F497D08914C3D44700EC6EE5 /* Global.h */,
				F497D08A14C3D44700EC6EE5 /* Global.m */,
				F497D08B14C3D44700EC6EE5 /* NSData+Base64.h */,
				F497D08C14C3D44700EC6EE5 /* NSData+Base64.m */,
				F497D08F14C3D44700EC6EE5 /* View.xib */,
				F497D09014C3D44700EC6EE5 /* ViewController.h */,
				F497D09114C3D44700EC6EE5 /* ViewController.m */,
				F497D07514C3D42B00EC6EE5 /* Supporting Files */,
			);
			path = CertificateKeyAndTrust;
			sourceTree = "<group>";
		};
		F497D07514C3D42B00EC6EE5 /* Supporting Files */ = {
			isa = PBXGroup;
			children = (
				F497D07614C3D42B00EC6EE5 /* CertificateKeyAndTrust-Info.plist */,
				F497D07714C3D42B00EC6EE5 /* InfoPlist.strings */,
				F497D07A14C3D42B00EC6EE5 /* main.m */,
				F497D07C14C3D42B00EC6EE5 /* CertificateKeyAndTrust-Prefix.pch */,
				E745700814C3D6EB00E7AEE1 /* publicKey.pem */,
				E745700B14C3D6FB00E7AEE1 /* privateKey.pem */,
			);
			name = "Supporting Files";
			sourceTree = "<group>";
		};
/* End PBXGroup section */

/* Begin PBXNativeTarget section */
		F497D06914C3D42B00EC6EE5 /* CertificateKeyAndTrust */ = {
			isa = PBXNativeTarget;
			buildConfigurationList = F497D08214C3D42B00EC6EE5 /* Build configuration list for PBXNativeTarget "CertificateKeyAndTrust" */;
			buildPhases = (
				F497D06614C3D42B00EC6EE5 /* Sources */,
				F497D06714C3D42B00EC6EE5 /* Frameworks */,
				F497D06814C3D42B00EC6EE5 /* Resources */,
			);
			buildRules = (
			);
			dependencies = (
			);
			name = CertificateKeyAndTrust;
			productName = CertificateKeyAndTrust;
			productReference = F497D06A14C3D42B00EC6EE5 /* CertificateKeyAndTrust.app */;
			productType = "com.apple.product-type.application";
		};
/* End PBXNativeTarget section */

/* Begin PBXProject section */
		F497D06114C3D42B00EC6EE5 /* Project object */ = {
			isa = PBXProject;
			attributes = {
				LastUpgradeCheck = 0420;
			};
			buildConfigurationList = F497D06414C3D42B00EC6EE5 /* Build configuration list for PBXProject "CertificateKeyAndTrust" */;
			compatibilityVersion = "Xcode 3.2";
			developmentRegion = English;
			hasScannedForEncodings = 0;
			knownRegions = (
				en,
			);
			mainGroup = F497D05F14C3D42B00EC6EE5;
			productRefGroup = F497D06B14C3D42B00EC6EE5 /* Products */;
			projectDirPath = "";
			projectRoot = "";
			targets = (
				F497D06914C3D42B00EC6EE5 /* CertificateKeyAndTrust */,
			);
		};
/* End PBXProject section */

/* Begin PBXResourcesBuildPhase section */
		F497D06814C3D42B00EC6EE5 /* Resources */ = {
			isa = PBXResourcesBuildPhase;
			buildActionMask = 2147483647;
			files = (
				F497D07914C3D42B00EC6EE5 /* InfoPlist.strings in Resources */,
				F497D09714C3D44700EC6EE5 /* View.xib in Resources */,
				E745700914C3D6EB00E7AEE1 /* publicKey.pem in Resources */,
				E745700C14C3D6FB00E7AEE1 /* privateKey.pem in Resources */,
			);
			runOnlyForDeploymentPostprocessing = 0;
		};
/* End PBXResourcesBuildPhase section */

/* Begin PBXSourcesBuildPhase section */
		F497D06614C3D42B00EC6EE5 /* Sources */ = {
			isa = PBXSourcesBuildPhase;
			buildActionMask = 2147483647;
			files = (
				F497D07B14C3D42B00EC6EE5 /* main.m in Sources */,
				F497D07F14C3D42B00EC6EE5 /* AppDelegate.m in Sources */,
				F497D09214C3D44700EC6EE5 /* Crypto.m in Sources */,
				F497D09314C3D44700EC6EE5 /* Exception.m in Sources */,
				F497D09414C3D44700EC6EE5 /* Global.m in Sources */,
				F497D09514C3D44700EC6EE5 /* NSData+Base64.m in Sources */,
				F497D09814C3D44700EC6EE5 /* ViewController.m in Sources */,
			);
			runOnlyForDeploymentPostprocessing = 0;
		};
/* End PBXSourcesBuildPhase section */

/* Begin PBXVariantGroup section */
		F497D07714C3D42B00EC6EE5 /* InfoPlist.strings */ = {
			isa = PBXVariantGroup;
			children = (
				F497D07814C3D42B00EC6EE5 /* en */,
			);
			name = InfoPlist.strings;
			sourceTree = "<group>";
		};
/* End PBXVariantGroup section */

/* Begin XCBuildConfiguration section */
		F497D08014C3D42B00EC6EE5 /* Debug */ = {
			isa = XCBuildConfiguration;
			buildSettings = {
				ALWAYS_SEARCH_USER_PATHS = NO;
				ARCHS = "$(ARCHS_STANDARD_32_BIT)";
				"CODE_SIGN_IDENTITY[sdk=iphoneos*]" = "iPhone Developer";
				COPY_PHASE_STRIP = NO;
				GCC_C_LANGUAGE_STANDARD = gnu99;
				GCC_DYNAMIC_NO_PIC = NO;
				GCC_OPTIMIZATION_LEVEL = 0;
				GCC_PREPROCESSOR_DEFINITIONS = (
					"DEBUG=1",
					"$(inherited)",
				);
				GCC_SYMBOLS_PRIVATE_EXTERN = NO;
				GCC_VERSION = com.apple.compilers.llvm.clang.1_0;
				GCC_WARN_ABOUT_MISSING_PROTOTYPES = YES;
				GCC_WARN_ABOUT_RETURN_TYPE = YES;
				GCC_WARN_UNUSED_VARIABLE = YES;
				IPHONEOS_DEPLOYMENT_TARGET = 5.0;
				SDKROOT = iphoneos;
			};
			name = Debug;
		};
		F497D08114C3D42B00EC6EE5 /* Release */ = {
			isa = XCBuildConfiguration;
			buildSettings = {
				ALWAYS_SEARCH_USER_PATHS = NO;
				ARCHS = "$(ARCHS_STANDARD_32_BIT)";
				"CODE_SIGN_IDENTITY[sdk=iphoneos*]" = "iPhone Developer";
				COPY_PHASE_STRIP = YES;
				GCC_C_LANGUAGE_STANDARD = gnu99;
				GCC_VERSION = com.apple.compilers.llvm.clang.1_0;
				GCC_WARN_ABOUT_MISSING_PROTOTYPES = YES;
				GCC_WARN_ABOUT_RETURN_TYPE = YES;
				GCC_WARN_UNUSED_VARIABLE = YES;
				IPHONEOS_DEPLOYMENT_TARGET = 5.0;
				OTHER_CFLAGS = "-DNS_BLOCK_ASSERTIONS=1";
				SDKROOT = iphoneos;
				VALIDATE_PRODUCT = YES;
			};
			name = Release;
		};
		F497D08314C3D42B00EC6EE5 /* Debug */ = {
			isa = XCBuildConfiguration;
			buildSettings = {
				GCC_PRECOMPILE_PREFIX_HEADER = YES;
				GCC_PREFIX_HEADER = "CertificateKeyAndTrust/CertificateKeyAndTrust-Prefix.pch";
				INFOPLIST_FILE = "CertificateKeyAndTrust/CertificateKeyAndTrust-Info.plist";
				PRODUCT_NAME = "$(TARGET_NAME)";
				WRAPPER_EXTENSION = app;
			};
			name = Debug;
		};
		F497D08414C3D42B00EC6EE5 /* Release */ = {
			isa = XCBuildConfiguration;
			buildSettings = {
				GCC_PRECOMPILE_PREFIX_HEADER = YES;
				GCC_PREFIX_HEADER = "CertificateKeyAndTrust/CertificateKeyAndTrust-Prefix.pch";
				INFOPLIST_FILE = "CertificateKeyAndTrust/CertificateKeyAndTrust-Info.plist";
				PRODUCT_NAME = "$(TARGET_NAME)";
				WRAPPER_EXTENSION = app;
			};
			name = Release;
		};
/* End XCBuildConfiguration section */

/* Begin XCConfigurationList section */
		F497D06414C3D42B00EC6EE5 /* Build configuration list for PBXProject "CertificateKeyAndTrust" */ = {
			isa = XCConfigurationList;
			buildConfigurations = (
				F497D08014C3D42B00EC6EE5 /* Debug */,
				F497D08114C3D42B00EC6EE5 /* Release */,
			);
			defaultConfigurationIsVisible = 0;
			defaultConfigurationName = Release;
		};
		F497D08214C3D42B00EC6EE5 /* Build configuration list for PBXNativeTarget "CertificateKeyAndTrust" */ = {
			isa = XCConfigurationList;
			buildConfigurations = (
				F497D08314C3D42B00EC6EE5 /* Debug */,
				F497D08414C3D42B00EC6EE5 /* Release */,
			);
			defaultConfigurationIsVisible = 0;
			defaultConfigurationName = Release;
		};
/* End XCConfigurationList section */
	};
	rootObject = F497D06114C3D42B00EC6EE5 /* Project object */;
}
